
Microsoft Visual Studio Solution File, Format Version 12.00
# Visual Studio Version 16
VisualStudioVersion = 16.0.30711.63
MinimumVisualStudioVersion = 15.0.26124.0
Project("{9A19103F-16F7-4668-BE54-9A1E7A4F7556}") = "proj-b", "proj-b\proj-b.csproj", "{D633C8F0-5461-48F2-8164-609EA89B1971}"
EndProject
Project("{9A19103F-16F7-4668-BE54-9A1E7A4F7556}") = "proj-a", "proj-a\proj-a.csproj", "{F0F1250F-7B28-47C8-BDFC-9ECBF38E9EFF}"
EndProject
Project("{2150E333-8FDC-42A3-9474-1A3956D46DE8}") = "Solution Items", "Solution Items", "{1155AE0A-FD7E-4490-811C-67C4569BD7C4}"
	ProjectSection(SolutionItems) = preProject
		Directory.Build.props = Directory.Build.props
		Directory.Dependency.targets = Directory.Dependency.targets
		global.json = global.json
		README.md = README.md
	EndProjectSection
EndProject
Global
	GlobalSection(SolutionConfigurationPlatforms) = preSolution
		Debug|Any CPU = Debug|Any CPU
		Debug|x64 = Debug|x64
		Debug|x86 = Debug|x86
		Release|Any CPU = Release|Any CPU
		Release|x64 = Release|x64
		Release|x86 = Release|x86
	EndGlobalSection
	GlobalSection(ProjectConfigurationPlatforms) = postSolution
		{D633C8F0-5461-48F2-8164-609EA89B1971}.Debug|Any CPU.ActiveCfg = Debug|Any CPU
		{D633C8F0-5461-48F2-8164-609EA89B1971}.Debug|Any CPU.Build.0 = Debug|Any CPU
		{D633C8F0-5461-48F2-8164-609EA89B1971}.Debug|x64.ActiveCfg = Debug|Any CPU
		{D633C8F0-5461-48F2-8164-609EA89B1971}.Debug|x64.Build.0 = Debug|Any CPU
		{D633C8F0-5461-48F2-8164-609EA89B1971}.Debug|x86.ActiveCfg = Debug|Any CPU
		{D633C8F0-5461-48F2-8164-609EA89B1971}.Debug|x86.Build.0 = Debug|Any CPU
		{D633C8F0-5461-48F2-8164-609EA89B1971}.Release|Any CPU.ActiveCfg = Release|Any CPU
		{D633C8F0-5461-48F2-8164-609EA89B1971}.Release|Any CPU.Build.0 = Release|Any CPU
		{D633C8F0-5461-48F2-8164-609EA89B1971}.Release|x64.ActiveCfg = Release|Any CPU
		{D633C8F0-5461-48F2-8164-609EA89B1971}.Release|x64.Build.0 = Release|Any CPU
		{D633C8F0-5461-48F2-8164-609EA89B1971}.Release|x86.ActiveCfg = Release|Any CPU
		{D633C8F0-5461-48F2-8164-609EA89B1971}.Release|x86.Build.0 = Release|Any CPU
		{F0F1250F-7B28-47C8-BDFC-9ECBF38E9EFF}.Debug|Any CPU.ActiveCfg = Debug|Any CPU
		{F0F1250F-7B28-47C8-BDFC-9ECBF38E9EFF}.Debug|Any CPU.Build.0 = Debug|Any CPU
		{F0F1250F-7B28-47C8-BDFC-9ECBF38E9EFF}.Debug|x64.ActiveCfg = Debug|Any CPU
		{F0F1250F-7B28-47C8-BDFC-9ECBF38E9EFF}.Debug|x64.Build.0 = Debug|Any CPU
		{F0F1250F-7B28-47C8-BDFC-9ECBF38E9EFF}.Debug|x86.ActiveCfg = Debug|Any CPU
		{F0F1250F-7B28-47C8-BDFC-9ECBF38E9EFF}.Debug|x86.Build.0 = Debug|Any CPU
		{F0F1250F-7B28-47C8-BDFC-9ECBF38E9EFF}.Release|Any CPU.ActiveCfg = Release|Any CPU
		{F0F1250F-7B28-47C8-BDFC-9ECBF38E9EFF}.Release|Any CPU.Build.0 = Release|Any CPU
		{F0F1250F-7B28-47C8-BDFC-9ECBF38E9EFF}.Release|x64.ActiveCfg = Release|Any CPU
		{F0F1250F-7B28-47C8-BDFC-9ECBF38E9EFF}.Release|x64.Build.0 = Release|Any CPU
		{F0F1250F-7B28-47C8-BDFC-9ECBF38E9EFF}.Release|x86.ActiveCfg = Release|Any CPU
		{F0F1250F-7B28-47C8-BDFC-9ECBF38E9EFF}.Release|x86.Build.0 = Release|Any CPU
	EndGlobalSection
	GlobalSection(SolutionProperties) = preSolution
		HideSolutionNode = FALSE
	EndGlobalSection
	GlobalSection(ExtensibilityGlobals) = postSolution
		SolutionGuid = {B500FBCC-0C3A-485B-AB35-F954B60269AF}
	EndGlobalSection
EndGlobal
