{
  "version": 1,
  "dependencies": {
    ".NETStandard,Version=v2.0": {
      "NETStandard.Library": {
        "type": "Direct",
        "requested": "[2.0.3, )",
        "resolved": "2.0.3",
        "contentHash": "C2SNflgUB0Z8SSbdIqKVhcHZ7IBCUq6SYudL9IptCvPBGg75xlAXovXueSVSMr07xcNj6C/Y1svYU8WRhnQ/gA==",
        "dependencies": {
          "Microsoft.NETCore.Platforms": "1.1.0"
        }
      },
      "UrlBase64": {
        "type": "Direct",
        "requested": "[0.1.2, )",
        "resolved": "0.1.2",
        "contentHash": "wOePtm1cH6orDlm9mawJJNf7K6pL9/pr87RvC2BGH34RZWhR4+WA59NK53dF4TK8YpIE8qRLd3rACiQ6WO5aMg==",
        "dependencies": {
          "NETStandard.Library": "1.6.1"
        }
      },
      "ZooKeeperNetEx": {
        "type": "Direct",
        "requested": "[3.4.12.4, )",
        "resolved": "3.4.12.4",
        "contentHash": "YECtByVSH7TRjQKplwOWiKyanCqYE5eEkGk5YtHJgsnbZ6+p1o0Gvs5RIsZLotiAVa6Niez1BJyKY/RDY/L6zg=="
      },
      "Microsoft.NETCore.Platforms": {
        "type": "Transitive",
        "resolved": "1.1.0",
        "contentHash": "kz0PEW2lhqygehI/d6XsPCQzD7ff7gUJaVGPVETX611eadGsA3A877GdSlU0LRVMCTH/+P3o2iDTak+S08V2+A=="
      }
    }
  }
}